
Microsoft Visual Studio Solution File, Format Version 12.00
# Visual Studio 14
VisualStudioVersion = 14.0.23107.0
MinimumVisualStudioVersion = 10.0.40219.1
Project("{FAE04EC0-301F-11D3-BF4B-00C04F79EFBC}") = "EnergonSite", "EnergonSite.csproj", "{A5242F79-670A-4193-99DB-5031B100425D}"
EndProject
Global
	GlobalSection(SolutionConfigurationPlatforms) = preSolution
		Debug|Any CPU = Debug|Any CPU
		Release|Any CPU = Release|Any CPU
	EndGlobalSection
	GlobalSection(ProjectConfigurationPlatforms) = postSolution
		{A5242F79-670A-4193-99DB-5031B100425D}.Debug|Any CPU.ActiveCfg = Debug|Any CPU
		{A5242F79-670A-4193-99DB-5031B100425D}.Debug|Any CPU.Build.0 = Debug|Any CPU
		{A5242F79-670A-4193-99DB-5031B100425D}.Release|Any CPU.ActiveCfg = Release|Any CPU
		{A5242F79-670A-4193-99DB-5031B100425D}.Release|Any CPU.Build.0 = Release|Any CPU
	EndGlobalSection
	GlobalSection(SolutionProperties) = preSolution
		HideSolutionNode = FALSE
	EndGlobalSection
EndGlobal
